
Microsoft Visual Studio Solution File, Format Version 12.00
# Visual Studio Version 17
VisualStudioVersion = 17.11.35303.130
MinimumVisualStudioVersion = 10.0.40219.1
Project("{FAE04EC0-301F-11D3-BF4B-00C04F79EFBC}") = "WebApplication1", "WebApplication1\WebApplication1.csproj", "{746FAAA0-7904-40E9-B4D4-895BE712914C}"
EndProject
Global
	GlobalSection(SolutionConfigurationPlatforms) = preSolution
		Debug|Any CPU = Debug|Any CPU
		Release|Any CPU = Release|Any CPU
	EndGlobalSection
	GlobalSection(ProjectConfigurationPlatforms) = postSolution
		{746FAAA0-7904-40E9-B4D4-895BE712914C}.Debug|Any CPU.ActiveCfg = Debug|Any CPU
		{746FAAA0-7904-40E9-B4D4-895BE712914C}.Debug|Any CPU.Build.0 = Debug|Any CPU
		{746FAAA0-7904-40E9-B4D4-895BE712914C}.Release|Any CPU.ActiveCfg = Release|Any CPU
		{746FAAA0-7904-40E9-B4D4-895BE712914C}.Release|Any CPU.Build.0 = Release|Any CPU
	EndGlobalSection
	GlobalSection(SolutionProperties) = preSolution
		HideSolutionNode = FALSE
	EndGlobalSection
	GlobalSection(ExtensibilityGlobals) = postSolution
		SolutionGuid = {D03BC43E-2DF3-4833-BCC4-7ABF9A331BE3}
	EndGlobalSection
EndGlobal
