
Microsoft Visual Studio Solution File, Format Version 12.00
# Visual Studio Version 17
VisualStudioVersion = 17.11.35303.130
MinimumVisualStudioVersion = 10.0.40219.1
Project("{FAE04EC0-301F-11D3-BF4B-00C04F79EFBC}") = "WebApplication1", "WebApplication1\WebApplication1.csproj", "{E5D6EAFC-60AE-4903-A395-7B70C2112772}"
EndProject
Global
	GlobalSection(SolutionConfigurationPlatforms) = preSolution
		Debug|Any CPU = Debug|Any CPU
		Release|Any CPU = Release|Any CPU
	EndGlobalSection
	GlobalSection(ProjectConfigurationPlatforms) = postSolution
		{E5D6EAFC-60AE-4903-A395-7B70C2112772}.Debug|Any CPU.ActiveCfg = Debug|Any CPU
		{E5D6EAFC-60AE-4903-A395-7B70C2112772}.Debug|Any CPU.Build.0 = Debug|Any CPU
		{E5D6EAFC-60AE-4903-A395-7B70C2112772}.Release|Any CPU.ActiveCfg = Release|Any CPU
		{E5D6EAFC-60AE-4903-A395-7B70C2112772}.Release|Any CPU.Build.0 = Release|Any CPU
	EndGlobalSection
	GlobalSection(SolutionProperties) = preSolution
		HideSolutionNode = FALSE
	EndGlobalSection
	GlobalSection(ExtensibilityGlobals) = postSolution
		SolutionGuid = {A8B1DED2-2003-4448-9D09-7C6FAD3D27B3}
	EndGlobalSection
EndGlobal
